
Microsoft Visual Studio Solution File, Format Version 12.00
# Visual Studio Version 16
VisualStudioVersion = 16.0.31424.327
MinimumVisualStudioVersion = 10.0.40219.1
Project("{9A19103F-16F7-4668-BE54-9A1E7A4F7556}") = "AuthAnySell", "AuthAnySell\AuthAnySell.csproj", "{DF7AFC12-58E3-473D-BAF8-F98634372E14}"
EndProject
Project("{9A19103F-16F7-4668-BE54-9A1E7A4F7556}") = "Auth.Business", "Auth.Business\Auth.Business.csproj", "{21067D5D-C260-46EC-A442-679D061645D5}"
EndProject
Global
	GlobalSection(SolutionConfigurationPlatforms) = preSolution
		Debug|Any CPU = Debug|Any CPU
		Release|Any CPU = Release|Any CPU
	EndGlobalSection
	GlobalSection(ProjectConfigurationPlatforms) = postSolution
		{DF7AFC12-58E3-473D-BAF8-F98634372E14}.Debug|Any CPU.ActiveCfg = Debug|Any CPU
		{DF7AFC12-58E3-473D-BAF8-F98634372E14}.Debug|Any CPU.Build.0 = Debug|Any CPU
		{DF7AFC12-58E3-473D-BAF8-F98634372E14}.Release|Any CPU.ActiveCfg = Release|Any CPU
		{DF7AFC12-58E3-473D-BAF8-F98634372E14}.Release|Any CPU.Build.0 = Release|Any CPU
		{21067D5D-C260-46EC-A442-679D061645D5}.Debug|Any CPU.ActiveCfg = Debug|Any CPU
		{21067D5D-C260-46EC-A442-679D061645D5}.Debug|Any CPU.Build.0 = Debug|Any CPU
		{21067D5D-C260-46EC-A442-679D061645D5}.Release|Any CPU.ActiveCfg = Release|Any CPU
		{21067D5D-C260-46EC-A442-679D061645D5}.Release|Any CPU.Build.0 = Release|Any CPU
	EndGlobalSection
	GlobalSection(SolutionProperties) = preSolution
		HideSolutionNode = FALSE
	EndGlobalSection
	GlobalSection(ExtensibilityGlobals) = postSolution
		SolutionGuid = {ED1EF1E6-7E88-4500-BACE-DC3573B074CF}
	EndGlobalSection
EndGlobal
